
Microsoft Visual Studio Solution File, Format Version 12.00
# Visual Studio Version 17
VisualStudioVersion = 17.5.002.0
MinimumVisualStudioVersion = 10.0.40219.1
Project("{2150E333-8FDC-42A3-9474-1A3956D46DE8}") = "csharp-prep", "csharp-prep", "{4AB5ED72-173B-44C7-B738-A21D2991668C}"
EndProject
Project("{9A19103F-16F7-4668-BE54-9A1E7A4F7556}") = "Prep1", "csharp-prep\Prep1\Prep1.csproj", "{BB376EBC-D387-4B33-8751-291A8A4CC192}"
EndProject
Project("{9A19103F-16F7-4668-BE54-9A1E7A4F7556}") = "Prep2", "csharp-prep\Prep2\Prep2.csproj", "{D40E4776-C2BF-4E43-85D0-4A1908DE9670}"
EndProject
Project("{9A19103F-16F7-4668-BE54-9A1E7A4F7556}") = "Prep3", "csharp-prep\Prep3\Prep3.csproj", "{AF30FA63-CA1D-4496-B8ED-E538955670A4}"
EndProject
Project("{9A19103F-16F7-4668-BE54-9A1E7A4F7556}") = "Prep4", "csharp-prep\Prep4\Prep4.csproj", "{D4B43B78-5406-4C87-B1DE-70B59B79D269}"
EndProject
Project("{9A19103F-16F7-4668-BE54-9A1E7A4F7556}") = "Prep5", "csharp-prep\Prep5\Prep5.csproj", "{26148873-CABE-4DC9-8235-07FEB3C44148}"
EndProject
Project("{2150E333-8FDC-42A3-9474-1A3956D46DE8}") = "final", "final", "{1FF8FA9E-E1DC-47EB-98EB-03114B8FD2D1}"
EndProject
Project("{9A19103F-16F7-4668-BE54-9A1E7A4F7556}") = "FinalProject", "final\FinalProject\FinalProject.csproj", "{D47A8781-8E6F-4AC3-983D-92E353756AAF}"
EndProject
Project("{9A19103F-16F7-4668-BE54-9A1E7A4F7556}") = "Foundation1", "final\Foundation1\Foundation1.csproj", "{8AE8C4F2-2CC5-4DDB-8CE9-FD2BEB839364}"
EndProject
Project("{9A19103F-16F7-4668-BE54-9A1E7A4F7556}") = "Foundation2", "final\Foundation2\Foundation2.csproj", "{E5E12A88-D92F-4DFA-9606-46D4F62867ED}"
EndProject
Project("{9A19103F-16F7-4668-BE54-9A1E7A4F7556}") = "Foundation3", "final\Foundation3\Foundation3.csproj", "{4B3BB381-BE2C-4712-AACE-06F121467044}"
EndProject
Project("{9A19103F-16F7-4668-BE54-9A1E7A4F7556}") = "Foundation4", "final\Foundation4\Foundation4.csproj", "{7BD2B927-A2A9-444A-A60C-AC2E527EE733}"
EndProject
Project("{2150E333-8FDC-42A3-9474-1A3956D46DE8}") = "prepare", "prepare", "{72393272-EC76-405E-BFA7-0D113F7B92D9}"
EndProject
Project("{9A19103F-16F7-4668-BE54-9A1E7A4F7556}") = "Learning02", "prepare\Learning02\Learning02.csproj", "{14C8B9B6-4BAA-4B7E-AFE6-9396E5CBE00D}"
EndProject
Project("{9A19103F-16F7-4668-BE54-9A1E7A4F7556}") = "Learning03", "prepare\Learning03\Learning03.csproj", "{06BF88DE-45DB-4CA3-AA45-A6AD30A7DD3D}"
EndProject
Project("{9A19103F-16F7-4668-BE54-9A1E7A4F7556}") = "Learning04", "prepare\Learning04\Learning04.csproj", "{3C1679A6-8ADB-4610-AF87-0AC27AB986BA}"
EndProject
Project("{9A19103F-16F7-4668-BE54-9A1E7A4F7556}") = "Learning05", "prepare\Learning05\Learning05.csproj", "{17A0EC88-D9F5-4CBB-B9C9-198BF74D752F}"
EndProject
Project("{2150E333-8FDC-42A3-9474-1A3956D46DE8}") = "prove", "prove", "{60065B19-6B62-4F5E-AA65-E4C639645192}"
EndProject
Project("{9A19103F-16F7-4668-BE54-9A1E7A4F7556}") = "Develop02", "prove\Develop02\Develop02.csproj", "{3C816790-71B8-4EF0-BF36-A39EC3601BE3}"
EndProject
Project("{9A19103F-16F7-4668-BE54-9A1E7A4F7556}") = "Develop03", "prove\Develop03\Develop03.csproj", "{2FC46D10-94C2-4D5D-8D06-1378C1431291}"
EndProject
Project("{9A19103F-16F7-4668-BE54-9A1E7A4F7556}") = "Develop04", "prove\Develop04\Develop04.csproj", "{EED5172D-0350-4920-A92F-540491D5392C}"
EndProject
Project("{9A19103F-16F7-4668-BE54-9A1E7A4F7556}") = "Develop05", "prove\Develop05\Develop05.csproj", "{BDCC1578-9CAF-4FAB-AF5A-116A6223D877}"
EndProject
Project("{2150E333-8FDC-42A3-9474-1A3956D46DE8}") = "sandbox", "sandbox", "{5CC37FEC-A4E5-4D5B-999A-2B0BD678ED50}"
EndProject
Project("{9A19103F-16F7-4668-BE54-9A1E7A4F7556}") = "Sandbox", "sandbox\Sandbox\Sandbox.csproj", "{479B7C24-D5FC-40EB-B635-294A8C5A9884}"
EndProject
Global
	GlobalSection(SolutionConfigurationPlatforms) = preSolution
		Debug|Any CPU = Debug|Any CPU
		Release|Any CPU = Release|Any CPU
	EndGlobalSection
	GlobalSection(ProjectConfigurationPlatforms) = postSolution
		{BB376EBC-D387-4B33-8751-291A8A4CC192}.Debug|Any CPU.ActiveCfg = Debug|Any CPU
		{BB376EBC-D387-4B33-8751-291A8A4CC192}.Debug|Any CPU.Build.0 = Debug|Any CPU
		{BB376EBC-D387-4B33-8751-291A8A4CC192}.Release|Any CPU.ActiveCfg = Release|Any CPU
		{BB376EBC-D387-4B33-8751-291A8A4CC192}.Release|Any CPU.Build.0 = Release|Any CPU
		{D40E4776-C2BF-4E43-85D0-4A1908DE9670}.Debug|Any CPU.ActiveCfg = Debug|Any CPU
		{D40E4776-C2BF-4E43-85D0-4A1908DE9670}.Debug|Any CPU.Build.0 = Debug|Any CPU
		{D40E4776-C2BF-4E43-85D0-4A1908DE9670}.Release|Any CPU.ActiveCfg = Release|Any CPU
		{D40E4776-C2BF-4E43-85D0-4A1908DE9670}.Release|Any CPU.Build.0 = Release|Any CPU
		{AF30FA63-CA1D-4496-B8ED-E538955670A4}.Debug|Any CPU.ActiveCfg = Debug|Any CPU
		{AF30FA63-CA1D-4496-B8ED-E538955670A4}.Debug|Any CPU.Build.0 = Debug|Any CPU
		{AF30FA63-CA1D-4496-B8ED-E538955670A4}.Release|Any CPU.ActiveCfg = Release|Any CPU
		{AF30FA63-CA1D-4496-B8ED-E538955670A4}.Release|Any CPU.Build.0 = Release|Any CPU
		{D4B43B78-5406-4C87-B1DE-70B59B79D269}.Debug|Any CPU.ActiveCfg = Debug|Any CPU
		{D4B43B78-5406-4C87-B1DE-70B59B79D269}.Debug|Any CPU.Build.0 = Debug|Any CPU
		{D4B43B78-5406-4C87-B1DE-70B59B79D269}.Release|Any CPU.ActiveCfg = Release|Any CPU
		{D4B43B78-5406-4C87-B1DE-70B59B79D269}.Release|Any CPU.Build.0 = Release|Any CPU
		{26148873-CABE-4DC9-8235-07FEB3C44148}.Debug|Any CPU.ActiveCfg = Debug|Any CPU
		{26148873-CABE-4DC9-8235-07FEB3C44148}.Debug|Any CPU.Build.0 = Debug|Any CPU
		{26148873-CABE-4DC9-8235-07FEB3C44148}.Release|Any CPU.ActiveCfg = Release|Any CPU
		{26148873-CABE-4DC9-8235-07FEB3C44148}.Release|Any CPU.Build.0 = Release|Any CPU
		{D47A8781-8E6F-4AC3-983D-92E353756AAF}.Debug|Any CPU.ActiveCfg = Debug|Any CPU
		{D47A8781-8E6F-4AC3-983D-92E353756AAF}.Debug|Any CPU.Build.0 = Debug|Any CPU
		{D47A8781-8E6F-4AC3-983D-92E353756AAF}.Release|Any CPU.ActiveCfg = Release|Any CPU
		{D47A8781-8E6F-4AC3-983D-92E353756AAF}.Release|Any CPU.Build.0 = Release|Any CPU
		{8AE8C4F2-2CC5-4DDB-8CE9-FD2BEB839364}.Debug|Any CPU.ActiveCfg = Debug|Any CPU
		{8AE8C4F2-2CC5-4DDB-8CE9-FD2BEB839364}.Debug|Any CPU.Build.0 = Debug|Any CPU
		{8AE8C4F2-2CC5-4DDB-8CE9-FD2BEB839364}.Release|Any CPU.ActiveCfg = Release|Any CPU
		{8AE8C4F2-2CC5-4DDB-8CE9-FD2BEB839364}.Release|Any CPU.Build.0 = Release|Any CPU
		{E5E12A88-D92F-4DFA-9606-46D4F62867ED}.Debug|Any CPU.ActiveCfg = Debug|Any CPU
		{E5E12A88-D92F-4DFA-9606-46D4F62867ED}.Debug|Any CPU.Build.0 = Debug|Any CPU
		{E5E12A88-D92F-4DFA-9606-46D4F62867ED}.Release|Any CPU.ActiveCfg = Release|Any CPU
		{E5E12A88-D92F-4DFA-9606-46D4F62867ED}.Release|Any CPU.Build.0 = Release|Any CPU
		{4B3BB381-BE2C-4712-AACE-06F121467044}.Debug|Any CPU.ActiveCfg = Debug|Any CPU
		{4B3BB381-BE2C-4712-AACE-06F121467044}.Debug|Any CPU.Build.0 = Debug|Any CPU
		{4B3BB381-BE2C-4712-AACE-06F121467044}.Release|Any CPU.ActiveCfg = Release|Any CPU
		{4B3BB381-BE2C-4712-AACE-06F121467044}.Release|Any CPU.Build.0 = Release|Any CPU
		{7BD2B927-A2A9-444A-A60C-AC2E527EE733}.Debug|Any CPU.ActiveCfg = Debug|Any CPU
		{7BD2B927-A2A9-444A-A60C-AC2E527EE733}.Debug|Any CPU.Build.0 = Debug|Any CPU
		{7BD2B927-A2A9-444A-A60C-AC2E527EE733}.Release|Any CPU.ActiveCfg = Release|Any CPU
		{7BD2B927-A2A9-444A-A60C-AC2E527EE733}.Release|Any CPU.Build.0 = Release|Any CPU
		{14C8B9B6-4BAA-4B7E-AFE6-9396E5CBE00D}.Debug|Any CPU.ActiveCfg = Debug|Any CPU
		{14C8B9B6-4BAA-4B7E-AFE6-9396E5CBE00D}.Debug|Any CPU.Build.0 = Debug|Any CPU
		{14C8B9B6-4BAA-4B7E-AFE6-9396E5CBE00D}.Release|Any CPU.ActiveCfg = Release|Any CPU
		{14C8B9B6-4BAA-4B7E-AFE6-9396E5CBE00D}.Release|Any CPU.Build.0 = Release|Any CPU
		{06BF88DE-45DB-4CA3-AA45-A6AD30A7DD3D}.Debug|Any CPU.ActiveCfg = Debug|Any CPU
		{06BF88DE-45DB-4CA3-AA45-A6AD30A7DD3D}.Debug|Any CPU.Build.0 = Debug|Any CPU
		{06BF88DE-45DB-4CA3-AA45-A6AD30A7DD3D}.Release|Any CPU.ActiveCfg = Release|Any CPU
		{06BF88DE-45DB-4CA3-AA45-A6AD30A7DD3D}.Release|Any CPU.Build.0 = Release|Any CPU
		{3C1679A6-8ADB-4610-AF87-0AC27AB986BA}.Debug|Any CPU.ActiveCfg = Debug|Any CPU
		{3C1679A6-8ADB-4610-AF87-0AC27AB986BA}.Debug|Any CPU.Build.0 = Debug|Any CPU
		{3C1679A6-8ADB-4610-AF87-0AC27AB986BA}.Release|Any CPU.ActiveCfg = Release|Any CPU
		{3C1679A6-8ADB-4610-AF87-0AC27AB986BA}.Release|Any CPU.Build.0 = Release|Any CPU
		{17A0EC88-D9F5-4CBB-B9C9-198BF74D752F}.Debug|Any CPU.ActiveCfg = Debug|Any CPU
		{17A0EC88-D9F5-4CBB-B9C9-198BF74D752F}.Debug|Any CPU.Build.0 = Debug|Any CPU
		{17A0EC88-D9F5-4CBB-B9C9-198BF74D752F}.Release|Any CPU.ActiveCfg = Release|Any CPU
		{17A0EC88-D9F5-4CBB-B9C9-198BF74D752F}.Release|Any CPU.Build.0 = Release|Any CPU
		{3C816790-71B8-4EF0-BF36-A39EC3601BE3}.Debug|Any CPU.ActiveCfg = Debug|Any CPU
		{3C816790-71B8-4EF0-BF36-A39EC3601BE3}.Debug|Any CPU.Build.0 = Debug|Any CPU
		{3C816790-71B8-4EF0-BF36-A39EC3601BE3}.Release|Any CPU.ActiveCfg = Release|Any CPU
		{3C816790-71B8-4EF0-BF36-A39EC3601BE3}.Release|Any CPU.Build.0 = Release|Any CPU
		{2FC46D10-94C2-4D5D-8D06-1378C1431291}.Debug|Any CPU.ActiveCfg = Debug|Any CPU
		{2FC46D10-94C2-4D5D-8D06-1378C1431291}.Debug|Any CPU.Build.0 = Debug|Any CPU
		{2FC46D10-94C2-4D5D-8D06-1378C1431291}.Release|Any CPU.ActiveCfg = Release|Any CPU
		{2FC46D10-94C2-4D5D-8D06-1378C1431291}.Release|Any CPU.Build.0 = Release|Any CPU
		{EED5172D-0350-4920-A92F-540491D5392C}.Debug|Any CPU.ActiveCfg = Debug|Any CPU
		{EED5172D-0350-4920-A92F-540491D5392C}.Debug|Any CPU.Build.0 = Debug|Any CPU
		{EED5172D-0350-4920-A92F-540491D5392C}.Release|Any CPU.ActiveCfg = Release|Any CPU
		{EED5172D-0350-4920-A92F-540491D5392C}.Release|Any CPU.Build.0 = Release|Any CPU
		{BDCC1578-9CAF-4FAB-AF5A-116A6223D877}.Debug|Any CPU.ActiveCfg = Debug|Any CPU
		{BDCC1578-9CAF-4FAB-AF5A-116A6223D877}.Debug|Any CPU.Build.0 = Debug|Any CPU
		{BDCC1578-9CAF-4FAB-AF5A-116A6223D877}.Release|Any CPU.ActiveCfg = Release|Any CPU
		{BDCC1578-9CAF-4FAB-AF5A-116A6223D877}.Release|Any CPU.Build.0 = Release|Any CPU
		{479B7C24-D5FC-40EB-B635-294A8C5A9884}.Debug|Any CPU.ActiveCfg = Debug|Any CPU
		{479B7C24-D5FC-40EB-B635-294A8C5A9884}.Debug|Any CPU.Build.0 = Debug|Any CPU
		{479B7C24-D5FC-40EB-B635-294A8C5A9884}.Release|Any CPU.ActiveCfg = Release|Any CPU
		{479B7C24-D5FC-40EB-B635-294A8C5A9884}.Release|Any CPU.Build.0 = Release|Any CPU
	EndGlobalSection
	GlobalSection(SolutionProperties) = preSolution
		HideSolutionNode = FALSE
	EndGlobalSection
	GlobalSection(NestedProjects) = preSolution
		{BB376EBC-D387-4B33-8751-291A8A4CC192} = {4AB5ED72-173B-44C7-B738-A21D2991668C}
		{D40E4776-C2BF-4E43-85D0-4A1908DE9670} = {4AB5ED72-173B-44C7-B738-A21D2991668C}
		{AF30FA63-CA1D-4496-B8ED-E538955670A4} = {4AB5ED72-173B-44C7-B738-A21D2991668C}
		{D4B43B78-5406-4C87-B1DE-70B59B79D269} = {4AB5ED72-173B-44C7-B738-A21D2991668C}
		{26148873-CABE-4DC9-8235-07FEB3C44148} = {4AB5ED72-173B-44C7-B738-A21D2991668C}
		{D47A8781-8E6F-4AC3-983D-92E353756AAF} = {1FF8FA9E-E1DC-47EB-98EB-03114B8FD2D1}
		{8AE8C4F2-2CC5-4DDB-8CE9-FD2BEB839364} = {1FF8FA9E-E1DC-47EB-98EB-03114B8FD2D1}
		{E5E12A88-D92F-4DFA-9606-46D4F62867ED} = {1FF8FA9E-E1DC-47EB-98EB-03114B8FD2D1}
		{4B3BB381-BE2C-4712-AACE-06F121467044} = {1FF8FA9E-E1DC-47EB-98EB-03114B8FD2D1}
		{7BD2B927-A2A9-444A-A60C-AC2E527EE733} = {1FF8FA9E-E1DC-47EB-98EB-03114B8FD2D1}
		{14C8B9B6-4BAA-4B7E-AFE6-9396E5CBE00D} = {72393272-EC76-405E-BFA7-0D113F7B92D9}
		{06BF88DE-45DB-4CA3-AA45-A6AD30A7DD3D} = {72393272-EC76-405E-BFA7-0D113F7B92D9}
		{3C1679A6-8ADB-4610-AF87-0AC27AB986BA} = {72393272-EC76-405E-BFA7-0D113F7B92D9}
		{17A0EC88-D9F5-4CBB-B9C9-198BF74D752F} = {72393272-EC76-405E-BFA7-0D113F7B92D9}
		{3C816790-71B8-4EF0-BF36-A39EC3601BE3} = {60065B19-6B62-4F5E-AA65-E4C639645192}
		{2FC46D10-94C2-4D5D-8D06-1378C1431291} = {60065B19-6B62-4F5E-AA65-E4C639645192}
		{EED5172D-0350-4920-A92F-540491D5392C} = {60065B19-6B62-4F5E-AA65-E4C639645192}
		{BDCC1578-9CAF-4FAB-AF5A-116A6223D877} = {60065B19-6B62-4F5E-AA65-E4C639645192}
		{479B7C24-D5FC-40EB-B635-294A8C5A9884} = {5CC37FEC-A4E5-4D5B-999A-2B0BD678ED50}
	EndGlobalSection
	GlobalSection(ExtensibilityGlobals) = postSolution
		SolutionGuid = {DF3D2875-D34E-456F-A940-EC9FC5CFB509}
	EndGlobalSection
EndGlobal
